
Microsoft Visual Studio Solution File, Format Version 12.00
# Visual Studio 15
VisualStudioVersion = 15.0.28307.902
MinimumVisualStudioVersion = 10.0.40219.1
Project("{FAE04EC0-301F-11D3-BF4B-00C04F79EFBC}") = "amuNewCrono", "amuNewCrono\amuNewCrono.csproj", "{2EF416E6-7D86-4328-AE38-B0DCD8330399}"
EndProject
Global
	GlobalSection(SolutionConfigurationPlatforms) = preSolution
		Debug|Any CPU = Debug|Any CPU
		Release|Any CPU = Release|Any CPU
	EndGlobalSection
	GlobalSection(ProjectConfigurationPlatforms) = postSolution
		{2EF416E6-7D86-4328-AE38-B0DCD8330399}.Debug|Any CPU.ActiveCfg = Debug|Any CPU
		{2EF416E6-7D86-4328-AE38-B0DCD8330399}.Debug|Any CPU.Build.0 = Debug|Any CPU
		{2EF416E6-7D86-4328-AE38-B0DCD8330399}.Release|Any CPU.ActiveCfg = Release|Any CPU
		{2EF416E6-7D86-4328-AE38-B0DCD8330399}.Release|Any CPU.Build.0 = Release|Any CPU
	EndGlobalSection
	GlobalSection(SolutionProperties) = preSolution
		HideSolutionNode = FALSE
	EndGlobalSection
	GlobalSection(ExtensibilityGlobals) = postSolution
		SolutionGuid = {C8000632-3E82-4792-AF1C-15B2909FED1F}
	EndGlobalSection
EndGlobal
